
Microsoft Visual Studio Solution File, Format Version 12.00
# Visual Studio Version 16
VisualStudioVersion = 16.0.28729.10
MinimumVisualStudioVersion = 10.0.40219.1
Project("{FAE04EC0-301F-11D3-BF4B-00C04F79EFBC}") = "SportsStore.UnitTests", "SportsStore.UnitTests\SportsStore.UnitTests.csproj", "{47548D60-1AF9-4E88-8C93-0A721C7756EA}"
EndProject
Project("{FAE04EC0-301F-11D3-BF4B-00C04F79EFBC}") = "SportsStore.Domain", "SportsStore.Domain\SportsStore.Domain.csproj", "{AA902DD4-23F9-4B08-B997-AFDFA06AF714}"
EndProject
Project("{FAE04EC0-301F-11D3-BF4B-00C04F79EFBC}") = "SportsStore.WebUI", "SportsStore.WebUI\SportsStore.WebUI.csproj", "{3DE25600-FE80-43F5-A642-A604A650DE4E}"
EndProject
Project("{9A19103F-16F7-4668-BE54-9A1E7A4F7556}") = "SportsStore.Payment", "SportsStore.Payment\SportsStore.Payment.csproj", "{75E4D525-0CFE-41AD-B037-58D4231E2053}"
EndProject
Project("{9A19103F-16F7-4668-BE54-9A1E7A4F7556}") = "SportsStore.Payment.Tests", "SportsStore.Payment.Tests\SportsStore.Payment.Tests.csproj", "{69DACB5C-70E2-4140-B114-B503378E1C49}"
EndProject
Project("{2150E333-8FDC-42A3-9474-1A3956D46DE8}") = "MVC STORE", "MVC STORE", "{B571EE5A-B717-424D-8BF1-93FDDCD83D18}"
EndProject
Project("{2150E333-8FDC-42A3-9474-1A3956D46DE8}") = "MVC CORE PAYMENT", "MVC CORE PAYMENT", "{F85555CF-226F-4A07-83AA-044F185C2A1B}"
EndProject
Project("{2150E333-8FDC-42A3-9474-1A3956D46DE8}") = "API", "API", "{6EF21AD7-961B-476E-94C4-4D7BC687141A}"
EndProject
Project("{9A19103F-16F7-4668-BE54-9A1E7A4F7556}") = "PaymentApi", "PaymentApi\PaymentApi.csproj", "{D5C53C05-52AF-4EFD-9C15-F42ACF1662A6}"
EndProject
Project("{FAE04EC0-301F-11D3-BF4B-00C04F79EFBC}") = "Api.Data", "Api.Data\Api.Data.csproj", "{7A4ADC1C-E714-45C7-A5D1-D64AB92115F0}"
EndProject
Global
	GlobalSection(SolutionConfigurationPlatforms) = preSolution
		Debug|Any CPU = Debug|Any CPU
		Release|Any CPU = Release|Any CPU
	EndGlobalSection
	GlobalSection(ProjectConfigurationPlatforms) = postSolution
		{47548D60-1AF9-4E88-8C93-0A721C7756EA}.Debug|Any CPU.ActiveCfg = Debug|Any CPU
		{47548D60-1AF9-4E88-8C93-0A721C7756EA}.Debug|Any CPU.Build.0 = Debug|Any CPU
		{47548D60-1AF9-4E88-8C93-0A721C7756EA}.Release|Any CPU.ActiveCfg = Release|Any CPU
		{47548D60-1AF9-4E88-8C93-0A721C7756EA}.Release|Any CPU.Build.0 = Release|Any CPU
		{AA902DD4-23F9-4B08-B997-AFDFA06AF714}.Debug|Any CPU.ActiveCfg = Debug|Any CPU
		{AA902DD4-23F9-4B08-B997-AFDFA06AF714}.Debug|Any CPU.Build.0 = Debug|Any CPU
		{AA902DD4-23F9-4B08-B997-AFDFA06AF714}.Release|Any CPU.ActiveCfg = Release|Any CPU
		{AA902DD4-23F9-4B08-B997-AFDFA06AF714}.Release|Any CPU.Build.0 = Release|Any CPU
		{3DE25600-FE80-43F5-A642-A604A650DE4E}.Debug|Any CPU.ActiveCfg = Debug|Any CPU
		{3DE25600-FE80-43F5-A642-A604A650DE4E}.Debug|Any CPU.Build.0 = Debug|Any CPU
		{3DE25600-FE80-43F5-A642-A604A650DE4E}.Release|Any CPU.ActiveCfg = Release|Any CPU
		{3DE25600-FE80-43F5-A642-A604A650DE4E}.Release|Any CPU.Build.0 = Release|Any CPU
		{75E4D525-0CFE-41AD-B037-58D4231E2053}.Debug|Any CPU.ActiveCfg = Debug|Any CPU
		{75E4D525-0CFE-41AD-B037-58D4231E2053}.Debug|Any CPU.Build.0 = Debug|Any CPU
		{75E4D525-0CFE-41AD-B037-58D4231E2053}.Release|Any CPU.ActiveCfg = Release|Any CPU
		{75E4D525-0CFE-41AD-B037-58D4231E2053}.Release|Any CPU.Build.0 = Release|Any CPU
		{69DACB5C-70E2-4140-B114-B503378E1C49}.Debug|Any CPU.ActiveCfg = Debug|Any CPU
		{69DACB5C-70E2-4140-B114-B503378E1C49}.Debug|Any CPU.Build.0 = Debug|Any CPU
		{69DACB5C-70E2-4140-B114-B503378E1C49}.Release|Any CPU.ActiveCfg = Release|Any CPU
		{69DACB5C-70E2-4140-B114-B503378E1C49}.Release|Any CPU.Build.0 = Release|Any CPU
		{D5C53C05-52AF-4EFD-9C15-F42ACF1662A6}.Debug|Any CPU.ActiveCfg = Debug|Any CPU
		{D5C53C05-52AF-4EFD-9C15-F42ACF1662A6}.Debug|Any CPU.Build.0 = Debug|Any CPU
		{D5C53C05-52AF-4EFD-9C15-F42ACF1662A6}.Release|Any CPU.ActiveCfg = Release|Any CPU
		{D5C53C05-52AF-4EFD-9C15-F42ACF1662A6}.Release|Any CPU.Build.0 = Release|Any CPU
		{7A4ADC1C-E714-45C7-A5D1-D64AB92115F0}.Debug|Any CPU.ActiveCfg = Debug|Any CPU
		{7A4ADC1C-E714-45C7-A5D1-D64AB92115F0}.Debug|Any CPU.Build.0 = Debug|Any CPU
		{7A4ADC1C-E714-45C7-A5D1-D64AB92115F0}.Release|Any CPU.ActiveCfg = Release|Any CPU
		{7A4ADC1C-E714-45C7-A5D1-D64AB92115F0}.Release|Any CPU.Build.0 = Release|Any CPU
	EndGlobalSection
	GlobalSection(SolutionProperties) = preSolution
		HideSolutionNode = FALSE
	EndGlobalSection
	GlobalSection(NestedProjects) = preSolution
		{47548D60-1AF9-4E88-8C93-0A721C7756EA} = {B571EE5A-B717-424D-8BF1-93FDDCD83D18}
		{AA902DD4-23F9-4B08-B997-AFDFA06AF714} = {B571EE5A-B717-424D-8BF1-93FDDCD83D18}
		{3DE25600-FE80-43F5-A642-A604A650DE4E} = {B571EE5A-B717-424D-8BF1-93FDDCD83D18}
		{75E4D525-0CFE-41AD-B037-58D4231E2053} = {F85555CF-226F-4A07-83AA-044F185C2A1B}
		{69DACB5C-70E2-4140-B114-B503378E1C49} = {F85555CF-226F-4A07-83AA-044F185C2A1B}
		{D5C53C05-52AF-4EFD-9C15-F42ACF1662A6} = {6EF21AD7-961B-476E-94C4-4D7BC687141A}
		{7A4ADC1C-E714-45C7-A5D1-D64AB92115F0} = {6EF21AD7-961B-476E-94C4-4D7BC687141A}
	EndGlobalSection
	GlobalSection(ExtensibilityGlobals) = postSolution
		SolutionGuid = {CB6CD131-2B7F-46F3-A30D-ED4095E063A2}
	EndGlobalSection
EndGlobal
